
Microsoft Visual Studio Solution File, Format Version 12.00
# Visual Studio Version 17
VisualStudioVersion = 17.13.35806.99 d17.13
MinimumVisualStudioVersion = 10.0.40219.1
Project("{FAE04EC0-301F-11D3-BF4B-00C04F79EFBC}") = "ScadaSystem", "ScadaSystem\ScadaSystem.csproj", "{F8319D2B-20AE-4110-8447-A60B29E9CB5B}"
EndProject
Global
	GlobalSection(SolutionConfigurationPlatforms) = preSolution
		Debug|Any CPU = Debug|Any CPU
		Release|Any CPU = Release|Any CPU
	EndGlobalSection
	GlobalSection(ProjectConfigurationPlatforms) = postSolution
		{F8319D2B-20AE-4110-8447-A60B29E9CB5B}.Debug|Any CPU.ActiveCfg = Debug|Any CPU
		{F8319D2B-20AE-4110-8447-A60B29E9CB5B}.Debug|Any CPU.Build.0 = Debug|Any CPU
		{F8319D2B-20AE-4110-8447-A60B29E9CB5B}.Release|Any CPU.ActiveCfg = Release|Any CPU
		{F8319D2B-20AE-4110-8447-A60B29E9CB5B}.Release|Any CPU.Build.0 = Release|Any CPU
	EndGlobalSection
	GlobalSection(SolutionProperties) = preSolution
		HideSolutionNode = FALSE
	EndGlobalSection
	GlobalSection(ExtensibilityGlobals) = postSolution
		SolutionGuid = {19D01E6B-C4FC-4FDE-A004-6D981C949433}
	EndGlobalSection
EndGlobal
